{
  "name": "ngb-card",
  "version": "1.0.0",
  "lockfileVersion": 1,
  "requires": true,
  "dependencies": {
    "@ng-bootstrap/ng-bootstrap": {
      "version": "6.1.0",
      "resolved": "https://registry.npmjs.org/@ng-bootstrap/ng-bootstrap/-/ng-bootstrap-6.1.0.tgz",
      "integrity": "sha512-2GzkNJBKdeHkaUqaCAqSILPft0IzzHjMfAlAuGY6/ZLlVQ0glt5MTbIXtIhSbjR+OvlrljoXFLrvzs1LGdmE+A=="
    },
    "bootstrap": {
      "version": "4.4.1",
      "resolved": "https://registry.npmjs.org/bootstrap/-/bootstrap-4.4.1.tgz",
      "integrity": "sha512-tbx5cHubwE6e2ZG7nqM3g/FZ5PQEDMWmMGNrCUBVRPHXTJaH7CBDdsLeu3eCh3B1tzAxTnAbtmrzvWEvT2NNEA=="
    },
    "highlight.js": {
      "version": "10.0.1",
      "resolved": "https://registry.npmjs.org/highlight.js/-/highlight.js-10.0.1.tgz",
      "integrity": "sha512-l1HB5S9nmBuvurFIOPbpeJv4psKh2MyKCTOYRK/E6dwRXkbG96PLH7amP/xpGNyZOK8OWqv45DxLS/ZAIb3n9w=="
    },
    "highlightjs-line-numbers.js": {
      "version": "2.7.0",
      "resolved": "https://registry.npmjs.org/highlightjs-line-numbers.js/-/highlightjs-line-numbers.js-2.7.0.tgz",
      "integrity": "sha512-2kgZkfGy3TB6rF1o1XJtUThDyraLAFd6iiAIE1MEH89om8VwyHsal6BBnIOP2yOuq2TCuuGd0YD6aGHa6iq3/g=="
    },
    "ngx-highlightjs": {
      "version": "4.1.0-beta",
      "resolved": "https://registry.npmjs.org/ngx-highlightjs/-/ngx-highlightjs-4.1.0-beta.tgz",
      "integrity": "sha512-1eyiHjaFadFZpA9kGFRATccdQiB1ERgkOxmAIMFPZzN398FuCN0nrpPezECvdR7Gqlbd9OeSJHzehS20DLVy7A==",
      "requires": {
        "highlight.js": "*",
        "highlightjs-line-numbers.js": "*"
      }
    }
  }
}
